
Microsoft Visual Studio Solution File, Format Version 12.00
# Visual Studio 15
Project("{FAE04EC0-301F-11D3-BF4B-00C04F79EFBC}") = "Final-Dissertation-Submission", "Final-Dissertation-Submission.csproj", "{730F596D-DE21-051C-8CD3-3EC598C8EBB0}"
EndProject
Project("{FAE04EC0-301F-11D3-BF4B-00C04F79EFBC}") = "Final-Dissertation-Submission.Editor", "Final-Dissertation-Submission.Editor.csproj", "{1FEC7CFC-4540-660C-E1C6-C5365618B3BB}"
EndProject
Global
	GlobalSection(SolutionConfigurationPlatforms) = preSolution
		Debug|Any CPU = Debug|Any CPU
		Release|Any CPU = Release|Any CPU
	EndGlobalSection
	GlobalSection(ProjectConfigurationPlatforms) = postSolution
		{730F596D-DE21-051C-8CD3-3EC598C8EBB0}.Debug|Any CPU.ActiveCfg = Debug|Any CPU
		{730F596D-DE21-051C-8CD3-3EC598C8EBB0}.Debug|Any CPU.Build.0 = Debug|Any CPU
		{730F596D-DE21-051C-8CD3-3EC598C8EBB0}.Release|Any CPU.ActiveCfg = Release|Any CPU
		{730F596D-DE21-051C-8CD3-3EC598C8EBB0}.Release|Any CPU.Build.0 = Release|Any CPU
		{1FEC7CFC-4540-660C-E1C6-C5365618B3BB}.Debug|Any CPU.ActiveCfg = Debug|Any CPU
		{1FEC7CFC-4540-660C-E1C6-C5365618B3BB}.Debug|Any CPU.Build.0 = Debug|Any CPU
		{1FEC7CFC-4540-660C-E1C6-C5365618B3BB}.Release|Any CPU.ActiveCfg = Release|Any CPU
		{1FEC7CFC-4540-660C-E1C6-C5365618B3BB}.Release|Any CPU.Build.0 = Release|Any CPU
	EndGlobalSection
	GlobalSection(SolutionProperties) = preSolution
		HideSolutionNode = FALSE
	EndGlobalSection
EndGlobal
